
Microsoft Visual Studio Solution File, Format Version 12.00
# Visual Studio Version 16
VisualStudioVersion = 16.0.31112.23
MinimumVisualStudioVersion = 10.0.40219.1
Project("{FAE04EC0-301F-11D3-BF4B-00C04F79EFBC}") = "sasas", "sasas\sasas.csproj", "{882905B2-00BE-4D61-912F-0661B33BCD66}"
EndProject
Global
	GlobalSection(SolutionConfigurationPlatforms) = preSolution
		Debug|Any CPU = Debug|Any CPU
		Release|Any CPU = Release|Any CPU
	EndGlobalSection
	GlobalSection(ProjectConfigurationPlatforms) = postSolution
		{882905B2-00BE-4D61-912F-0661B33BCD66}.Debug|Any CPU.ActiveCfg = Debug|Any CPU
		{882905B2-00BE-4D61-912F-0661B33BCD66}.Debug|Any CPU.Build.0 = Debug|Any CPU
		{882905B2-00BE-4D61-912F-0661B33BCD66}.Release|Any CPU.ActiveCfg = Release|Any CPU
		{882905B2-00BE-4D61-912F-0661B33BCD66}.Release|Any CPU.Build.0 = Release|Any CPU
	EndGlobalSection
	GlobalSection(SolutionProperties) = preSolution
		HideSolutionNode = FALSE
	EndGlobalSection
	GlobalSection(ExtensibilityGlobals) = postSolution
		SolutionGuid = {74F72BF1-6BF9-4705-875C-CC57D17A4592}
	EndGlobalSection
EndGlobal
